
Microsoft Visual Studio Solution File, Format Version 12.00
# Visual Studio 2012
Project("{FAE04EC0-301F-11D3-BF4B-00C04F79EFBC}") = "BobTheTeenager", "BobTheTeenager.csproj", "{21372712-A6B0-401B-96C8-B643872D8231}"
EndProject
Project("{FAE04EC0-301F-11D3-BF4B-00C04F79EFBC}") = "BobTheTeenagerTests", "BobTheTeenagerTests\BobTheTeenagerTests.csproj", "{45FE2B4D-F932-4F3C-9F9E-07CB619C6703}"
EndProject
Global
	GlobalSection(SolutionConfigurationPlatforms) = preSolution
		Debug|Any CPU = Debug|Any CPU
		Release|Any CPU = Release|Any CPU
	EndGlobalSection
	GlobalSection(ProjectConfigurationPlatforms) = postSolution
		{21372712-A6B0-401B-96C8-B643872D8231}.Debug|Any CPU.ActiveCfg = Debug|Any CPU
		{21372712-A6B0-401B-96C8-B643872D8231}.Debug|Any CPU.Build.0 = Debug|Any CPU
		{21372712-A6B0-401B-96C8-B643872D8231}.Release|Any CPU.ActiveCfg = Release|Any CPU
		{21372712-A6B0-401B-96C8-B643872D8231}.Release|Any CPU.Build.0 = Release|Any CPU
		{45FE2B4D-F932-4F3C-9F9E-07CB619C6703}.Debug|Any CPU.ActiveCfg = Debug|Any CPU
		{45FE2B4D-F932-4F3C-9F9E-07CB619C6703}.Debug|Any CPU.Build.0 = Debug|Any CPU
		{45FE2B4D-F932-4F3C-9F9E-07CB619C6703}.Release|Any CPU.ActiveCfg = Release|Any CPU
		{45FE2B4D-F932-4F3C-9F9E-07CB619C6703}.Release|Any CPU.Build.0 = Release|Any CPU
	EndGlobalSection
	GlobalSection(SolutionProperties) = preSolution
		HideSolutionNode = FALSE
	EndGlobalSection
EndGlobal
